# This file is automatically @generated by Cargo.
# It is not intended for manual editing.
version = 4

[[package]]
name = "aho-corasick"
version = "1.1.4"
source = "registry+https://github.com/rust-lang/crates.io-index"
checksum = "ddd31a130427c27518df266943a5308ed92d4b226cc639f5a8f1002816174301"
dependencies = [
 "memchr",
]

[[package]]
name = "bitflags"
version = "1.3.2"
source = "registry+https://github.com/rust-lang/crates.io-index"
checksum = "bef38d45163c2f1dde094a7dfd33ccf595c92905c8f8f4fdc18d06fb1037718a"

[[package]]
name = "bitflags"
version = "2.13.0"
source = "registry+https://github.com/rust-lang/crates.io-index"
checksum = "b4388bee8683e3d04af747c73422af53102d2bd24d9eadb6cbc100baef4b43f8"

[[package]]
name = "cc"
version = "1.2.65"
source = "registry+https://github.com/rust-lang/crates.io-index"
checksum = "e228eec9be7c17ccb640b59b36a5cd805ea2a564a4c5e162c2f659fea30d3b96"
dependencies = [
 "find-msvc-tools",
 "shlex",
]

[[package]]
name = "cfg-if"
version = "1.0.4"
source = "registry+https://github.com/rust-lang/crates.io-index"
checksum = "9330f8b2ff13f34540b44e946ef35111825727b38d33286ef986142615121801"

[[package]]
name = "chlorine"
version = "1.0.13"
source = "registry+https://github.com/rust-lang/crates.io-index"
checksum = "c00d31b1d19317b4777ec879192d3745bd97d05262b4b19cb1dda284b9d22f19"

[[package]]
name = "find-msvc-tools"
version = "0.1.9"
source = "registry+https://github.com/rust-lang/crates.io-index"
checksum = "5baebc0774151f905a1a2cc41989300b1e6fbb29aff0ceffa1064fdd3088d582"

[[package]]
name = "gdextension-api"
version = "0.5.1"
source = "git+https://github.com/godot-rust/godot4-prebuilt?branch=release-v0.5#3a0f8c3db2157974b18e14acb1d082ea4b6dcf5c"

[[package]]
name = "glam"
version = "0.32.1"
source = "registry+https://github.com/rust-lang/crates.io-index"
checksum = "f70749695b063ecbf6b62949ccccde2e733ec3ecbbd71d467dca4e5c6c97cca0"

[[package]]
name = "godot"
version = "0.5.4"
source = "git+https://github.com/godot-rust/gdext?branch=master#477501f5318e9a46535dd5a187a9dd7eb1fc9d36"
dependencies = [
 "godot-core",
 "godot-macros",
]

[[package]]
name = "godot-bindings"
version = "0.5.4"
source = "git+https://github.com/godot-rust/gdext?branch=master#477501f5318e9a46535dd5a187a9dd7eb1fc9d36"
dependencies = [
 "gdextension-api",
 "regex",
 "which",
]

[[package]]
name = "godot-cell"
version = "0.5.4"
source = "git+https://github.com/godot-rust/gdext?branch=master#477501f5318e9a46535dd5a187a9dd7eb1fc9d36"

[[package]]
name = "godot-codegen"
version = "0.5.4"
source = "git+https://github.com/godot-rust/gdext?branch=master#477501f5318e9a46535dd5a187a9dd7eb1fc9d36"
dependencies = [
 "godot-bindings",
 "heck",
 "nanoserde",
 "proc-macro2",
 "quote",
]

[[package]]
name = "godot-core"
version = "0.5.4"
source = "git+https://github.com/godot-rust/gdext?branch=master#477501f5318e9a46535dd5a187a9dd7eb1fc9d36"
dependencies = [
 "glam",
 "godot-bindings",
 "godot-cell",
 "godot-codegen",
 "godot-ffi",
]

[[package]]
name = "godot-ffi"
version = "0.5.4"
source = "git+https://github.com/godot-rust/gdext?branch=master#477501f5318e9a46535dd5a187a9dd7eb1fc9d36"
dependencies = [
 "godot-bindings",
 "godot-codegen",
 "libc",
]

[[package]]
name = "godot-macros"
version = "0.5.4"
source = "git+https://github.com/godot-rust/gdext?branch=master#477501f5318e9a46535dd5a187a9dd7eb1fc9d36"
dependencies = [
 "godot-bindings",
 "litrs",
 "markdown",
 "proc-macro2",
 "quote",
 "venial",
]

[[package]]
name = "godot_imgui_rust"
version = "0.1.0"
dependencies = [
 "godot",
 "imgui",
]

[[package]]
name = "heck"
version = "0.5.0"
source = "registry+https://github.com/rust-lang/crates.io-index"
checksum = "2304e00983f87ffb38b55b444b5e3b60a884b5d30c0fca7d82fe33449bbe55ea"

[[package]]
name = "imgui"
version = "0.12.0"
source = "registry+https://github.com/rust-lang/crates.io-index"
checksum = "8addafa5cecf0515812226e806913814e02ce38d10215778082af5174abe5669"
dependencies = [
 "bitflags 1.3.2",
 "cfg-if",
 "imgui-sys",
 "mint",
 "parking_lot",
]

[[package]]
name = "imgui-sys"
version = "0.12.0"
source = "registry+https://github.com/rust-lang/crates.io-index"
checksum = "ead193f9f4b60398e8b8f4ab1483e2321640d87aeebdaa3e5f44c55633ccd804"
dependencies = [
 "cc",
 "cfg-if",
 "chlorine",
 "mint",
]

[[package]]
name = "libc"
version = "0.2.186"
source = "registry+https://github.com/rust-lang/crates.io-index"
checksum = "68ab91017fe16c622486840e4c83c9a37afeff978bd239b5293d61ece587de66"

[[package]]
name = "litrs"
version = "1.0.0"
source = "registry+https://github.com/rust-lang/crates.io-index"
checksum = "11d3d7f243d5c5a8b9bb5d6dd2b1602c0cb0b9db1621bafc7ed66e35ff9fe092"
dependencies = [
 "proc-macro2",
]

[[package]]
name = "lock_api"
version = "0.4.14"
source = "registry+https://github.com/rust-lang/crates.io-index"
checksum = "224399e74b87b5f3557511d98dff8b14089b3dadafcab6bb93eab67d3aace965"
dependencies = [
 "scopeguard",
]

[[package]]
name = "markdown"
version = "1.0.0"
source = "registry+https://github.com/rust-lang/crates.io-index"
checksum = "a5cab8f2cadc416a82d2e783a1946388b31654d391d1c7d92cc1f03e295b1deb"
dependencies = [
 "unicode-id",
]

[[package]]
name = "memchr"
version = "2.8.2"
source = "registry+https://github.com/rust-lang/crates.io-index"
checksum = "88904434abc2901f197fe8cc55f0445e7ded921dba5911dad2e2b39b48e663c4"

[[package]]
name = "mint"
version = "0.5.9"
source = "registry+https://github.com/rust-lang/crates.io-index"
checksum = "e53debba6bda7a793e5f99b8dacf19e626084f525f7829104ba9898f367d85ff"

[[package]]
name = "nanoserde"
version = "0.2.1"
source = "registry+https://github.com/rust-lang/crates.io-index"
checksum = "a36fb3a748a4c9736ed7aeb5f2dfc99665247f1ce306abbddb2bf0ba2ac530a4"
dependencies = [
 "nanoserde-derive",
]

[[package]]
name = "nanoserde-derive"
version = "0.2.1"
source = "registry+https://github.com/rust-lang/crates.io-index"
checksum = "a846cbc04412cf509efcd8f3694b114fc700a035fb5a37f21517f9fb019f1ebc"

[[package]]
name = "parking_lot"
version = "0.12.5"
source = "registry+https://github.com/rust-lang/crates.io-index"
checksum = "93857453250e3077bd71ff98b6a65ea6621a19bb0f559a85248955ac12c45a1a"
dependencies = [
 "lock_api",
 "parking_lot_core",
]

[[package]]
name = "parking_lot_core"
version = "0.9.12"
source = "registry+https://github.com/rust-lang/crates.io-index"
checksum = "2621685985a2ebf1c516881c026032ac7deafcda1a2c9b7850dc81e3dfcb64c1"
dependencies = [
 "cfg-if",
 "libc",
 "redox_syscall",
 "smallvec",
 "windows-link",
]

[[package]]
name = "proc-macro2"
version = "1.0.106"
source = "registry+https://github.com/rust-lang/crates.io-index"
checksum = "8fd00f0bb2e90d81d1044c2b32617f68fcb9fa3bb7640c23e9c748e53fb30934"
dependencies = [
 "unicode-ident",
]

[[package]]
name = "quote"
version = "1.0.46"
source = "registry+https://github.com/rust-lang/crates.io-index"
checksum = "dfbc457d0c7a0759a614551b11a6409e5951f6c7537be1f1b7682b9ae9230368"
dependencies = [
 "proc-macro2",
]

[[package]]
name = "redox_syscall"
version = "0.5.18"
source = "registry+https://github.com/rust-lang/crates.io-index"
checksum = "ed2bf2547551a7053d6fdfafda3f938979645c44812fbfcda098faae3f1a362d"
dependencies = [
 "bitflags 2.13.0",
]

[[package]]
name = "regex"
version = "1.12.4"
source = "registry+https://github.com/rust-lang/crates.io-index"
checksum = "f1292b7759ae1cb9ec195452d1390a074f0cd8541ab7a5a8c31cd6db45d4a6ba"
dependencies = [
 "aho-corasick",
 "memchr",
 "regex-automata",
 "regex-syntax",
]

[[package]]
name = "regex-automata"
version = "0.4.14"
source = "registry+https://github.com/rust-lang/crates.io-index"
checksum = "6e1dd4122fc1595e8162618945476892eefca7b88c52820e74af6262213cae8f"
dependencies = [
 "aho-corasick",
 "memchr",
 "regex-syntax",
]

[[package]]
name = "regex-syntax"
version = "0.8.11"
source = "registry+https://github.com/rust-lang/crates.io-index"
checksum = "d6f6ff9a378485b298a5286656da665ba74413d36db0979633275d2e708145d4"

[[package]]
name = "scopeguard"
version = "1.2.0"
source = "registry+https://github.com/rust-lang/crates.io-index"
checksum = "94143f37725109f92c262ed2cf5e59bce7498c01bcc1502d7b9afe439a4e9f49"

[[package]]
name = "shlex"
version = "2.0.1"
source = "registry+https://github.com/rust-lang/crates.io-index"
checksum = "f8fadd59c855ef2080decdef8ff161eb6661b86933c9d82e5ba29dc602a55aba"

[[package]]
name = "smallvec"
version = "1.15.2"
source = "registry+https://github.com/rust-lang/crates.io-index"
checksum = "8ed6a63f02c8539c91a8685a86f4099661ba3da017932f6ebbea6de3f0fa7c90"

[[package]]
name = "unicode-id"
version = "0.3.6"
source = "registry+https://github.com/rust-lang/crates.io-index"
checksum = "70ba288e709927c043cbe476718d37be306be53fb1fafecd0dbe36d072be2580"

[[package]]
name = "unicode-ident"
version = "1.0.24"
source = "registry+https://github.com/rust-lang/crates.io-index"
checksum = "e6e4313cd5fcd3dad5cafa179702e2b244f760991f45397d14d4ebf38247da75"

[[package]]
name = "venial"
version = "0.6.1"
source = "registry+https://github.com/rust-lang/crates.io-index"
checksum = "9a42528baceab6c7784446df2a10f4185078c39bf73dc614f154353f1a6b1229"
dependencies = [
 "proc-macro2",
 "quote",
]

[[package]]
name = "which"
version = "8.0.4"
source = "registry+https://github.com/rust-lang/crates.io-index"
checksum = "48d7cd18d4acb58fb3cdfe9ea54e6cd96a4e7d4cc45c56338b236e82dad47248"
dependencies = [
 "libc",
]

[[package]]
name = "windows-link"
version = "0.2.1"
source = "registry+https://github.com/rust-lang/crates.io-index"
checksum = "f0805222e57f7521d6a62e36fa9163bc891acd422f971defe97d64e70d0a4fe5"
